set_location_assignment PIN_E12 -to red_out[0]
set_location_assignment PIN_E11 -to red_out[1]
set_location_assignment PIN_D10 -to red_out[2]
set_location_assignment PIN_F12 -to red_out[3]
set_location_assignment PIN_G10 -to red_out[4]
set_location_assignment PIN_J12 -to red_out[5]
set_location_assignment PIN_H8 -to red_out[6]
set_location_assignment PIN_H10 -to red_out[7]
set_location_assignment PIN_D12 -to blue_out[7]
set_location_assignment PIN_D11 -to blue_out[6]
set_location_assignment PIN_C12 -to blue_out[5]
set_location_assignment PIN_A11 -to blue_out[4]
set_location_assignment PIN_B11 -to blue_out[3]
set_location_assignment PIN_C11 -to blue_out[2]
set_location_assignment PIN_A10 -to blue_out[1]
set_location_assignment PIN_B10 -to blue_out[0]
set_location_assignment PIN_C13 -to vs_out
set_location_assignment VREFGROUP_B6_N0 -to sync
set_location_assignment PIN_A12 -to clk25_out
set_location_assignment PIN_Y2 -to clk_50
set_location_assignment PIN_C9 -to green_out[7]
set_location_assignment PIN_F10 -to green_out[6]
set_location_assignment PIN_B8 -to green_out[5]
set_location_assignment PIN_C8 -to green_out[4]
set_location_assignment PIN_H12 -to green_out[3]
set_location_assignment PIN_F8 -to green_out[2]
set_location_assignment PIN_G11 -to green_out[1]
set_location_assignment PIN_G8 -to green_out[0]
set_location_assignment PIN_G13 -to hs_out
set_location_assignment PIN_F11 -to blank
set_location_assignment PIN_E21 -to score_leds[0]
set_location_assignment PIN_E22 -to score_leds[1]
set_location_assignment PIN_E25 -to score_leds[2]
set_location_assignment PIN_E24 -to score_leds[3]
set_location_assignment PIN_H21 -to score_leds[4]
set_location_assignment PIN_G20 -to score_leds[5]
set_location_assignment PIN_G22 -to score_leds[6]
set_location_assignment PIN_G21 -to score_leds[7]
set_location_assignment PIN_F17 -to score_leds[8]
set_location_assignment PIN_G19 -to player_indicator_leds[0]
set_location_assignment PIN_E19 -to player_indicator_leds[2]
set_location_assignment PIN_F19 -to player_indicator_leds[1]
set_location_assignment PIN_F21 -to player_indicator_leds[3]
set_location_assignment PIN_F18 -to player_indicator_leds[4]
set_location_assignment PIN_E18 -to player_indicator_leds[5]
set_location_assignment PIN_J19 -to player_indicator_leds[6]
set_location_assignment PIN_H19 -to player_indicator_leds[7]
set_location_assignment PIN_J17 -to player_indicator_leds[8]
set_location_assignmen0t PIN_G17 -to player_indicator_leds[9]
set_location_assignment PIN_J15 -to player_indicator_leds[10]
set_location_assignment PIN_H16 -to player_indicator_leds[11]
set_location_assignment PIN_J16 -to player_indicator_leds[12]
set_location_assignment PIN_H17 -to player_indicator_leds[13]
set_location_assignment PIN_F15 -to player_indicator_leds[14]
set_location_assignment PIN_G15 -to player_indicator_leds[15]
set_location_assignment PIN_G16 -to player_indicator_leds[16]
set_location_assignment PIN_H15 -to player_indicator_leds[17]
set_location_assignment PIN_R24 -to left
set_location_assignment PIN_N21 -to up
set_location_assignment PIN_M23 -to down
set_location_assignment PIN_M21 -to right
set_location_assignment PIN_AB28 -to y[0]
set_location_assignment PIN_AC28 -to y[1]
set_location_assignment PIN_AC27 -to y[2]
set_location_assignment PIN_AD27 -to x[0]
set_location_assignment PIN_AB27 -to x[1]
set_location_assignment PIN_AC26 -to x[2]
set_location_assignment PIN_Y23 -to reset
